<?xml version="1.0" encoding="utf-8"?>
<Project ToolsVersion="4.0" xmlns="http://schemas.microsoft.com/developer/msbuild/2003">
  <ItemGroup>
    <ClCompile Include="atlas.cpp" />
    <ClCompile Include="directxtest.cpp" />
    <ClCompile Include="imt.cpp" />
    <ClCompile Include="process.cpp" />
    <ClCompile Include="utils.cpp" />
  </ItemGroup>
  <ItemGroup>
    <ClInclude Include="directxtest.h" />
  </ItemGroup>
</Project>